
Microsoft Visual Studio Solution File, Format Version 12.00
# Visual Studio 15
VisualStudioVersion = 15.0.26124.0
MinimumVisualStudioVersion = 15.0.26124.0
Project("{2150E333-8FDC-42A3-9474-1A3956D46DE8}") = "src", "src", "{F10B387E-FD2E-4619-9F15-869AA3374FCB}"
EndProject
Project("{FAE04EC0-301F-11D3-BF4B-00C04F79EFBC}") = "BlazorToDo.WebApp", "src\BlazorToDo.WebApp\BlazorToDo.WebApp.csproj", "{3148EF15-83DB-4E29-8EF9-304E4E2922C6}"
EndProject
Global
	GlobalSection(SolutionConfigurationPlatforms) = preSolution
		Debug|Any CPU = Debug|Any CPU
		Debug|x64 = Debug|x64
		Debug|x86 = Debug|x86
		Release|Any CPU = Release|Any CPU
		Release|x64 = Release|x64
		Release|x86 = Release|x86
	EndGlobalSection
	GlobalSection(SolutionProperties) = preSolution
		HideSolutionNode = FALSE
	EndGlobalSection
	GlobalSection(ProjectConfigurationPlatforms) = postSolution
		{3148EF15-83DB-4E29-8EF9-304E4E2922C6}.Debug|Any CPU.ActiveCfg = Debug|Any CPU
		{3148EF15-83DB-4E29-8EF9-304E4E2922C6}.Debug|Any CPU.Build.0 = Debug|Any CPU
		{3148EF15-83DB-4E29-8EF9-304E4E2922C6}.Debug|x64.ActiveCfg = Debug|Any CPU
		{3148EF15-83DB-4E29-8EF9-304E4E2922C6}.Debug|x64.Build.0 = Debug|Any CPU
		{3148EF15-83DB-4E29-8EF9-304E4E2922C6}.Debug|x86.ActiveCfg = Debug|Any CPU
		{3148EF15-83DB-4E29-8EF9-304E4E2922C6}.Debug|x86.Build.0 = Debug|Any CPU
		{3148EF15-83DB-4E29-8EF9-304E4E2922C6}.Release|Any CPU.ActiveCfg = Release|Any CPU
		{3148EF15-83DB-4E29-8EF9-304E4E2922C6}.Release|Any CPU.Build.0 = Release|Any CPU
		{3148EF15-83DB-4E29-8EF9-304E4E2922C6}.Release|x64.ActiveCfg = Release|Any CPU
		{3148EF15-83DB-4E29-8EF9-304E4E2922C6}.Release|x64.Build.0 = Release|Any CPU
		{3148EF15-83DB-4E29-8EF9-304E4E2922C6}.Release|x86.ActiveCfg = Release|Any CPU
		{3148EF15-83DB-4E29-8EF9-304E4E2922C6}.Release|x86.Build.0 = Release|Any CPU
	EndGlobalSection
	GlobalSection(NestedProjects) = preSolution
		{3148EF15-83DB-4E29-8EF9-304E4E2922C6} = {F10B387E-FD2E-4619-9F15-869AA3374FCB}
	EndGlobalSection
EndGlobal
